
Microsoft Visual Studio Solution File, Format Version 12.00
# Visual Studio 15
VisualStudioVersion = 15.0.27130.2024
MinimumVisualStudioVersion = 10.0.40219.1
Project("{FAE04EC0-301F-11D3-BF4B-00C04F79EFBC}") = "Udemy_Advanced_Language_Features", "Udemy_Advanced_Language_Features\Udemy_Advanced_Language_Features.csproj", "{3DCBA66B-B823-4A94-81AC-7FEC95F9F6E2}"
EndProject
Global
	GlobalSection(SolutionConfigurationPlatforms) = preSolution
		Debug|Any CPU = Debug|Any CPU
		Release|Any CPU = Release|Any CPU
	EndGlobalSection
	GlobalSection(ProjectConfigurationPlatforms) = postSolution
		{3DCBA66B-B823-4A94-81AC-7FEC95F9F6E2}.Debug|Any CPU.ActiveCfg = Debug|Any CPU
		{3DCBA66B-B823-4A94-81AC-7FEC95F9F6E2}.Debug|Any CPU.Build.0 = Debug|Any CPU
		{3DCBA66B-B823-4A94-81AC-7FEC95F9F6E2}.Release|Any CPU.ActiveCfg = Release|Any CPU
		{3DCBA66B-B823-4A94-81AC-7FEC95F9F6E2}.Release|Any CPU.Build.0 = Release|Any CPU
	EndGlobalSection
	GlobalSection(SolutionProperties) = preSolution
		HideSolutionNode = FALSE
	EndGlobalSection
	GlobalSection(ExtensibilityGlobals) = postSolution
		SolutionGuid = {D3CB16CC-5207-49F1-913B-500C876F9096}
	EndGlobalSection
EndGlobal
